
Microsoft Visual Studio Solution File, Format Version 12.00
# Visual Studio Version 17
VisualStudioVersion = 17.3.32929.385
MinimumVisualStudioVersion = 10.0.40219.1
Project("{FAE04EC0-301F-11D3-BF4B-00C04F79EFBC}") = "ConsoleApp1", "ConsoleApp1\ConsoleApp1.csproj", "{3FE04C76-6981-4D35-873E-B902C3A047FE}"
EndProject
Project("{FAE04EC0-301F-11D3-BF4B-00C04F79EFBC}") = "Cartao", "Cartao\Cartao.csproj", "{247B56CC-1FDA-4E37-BC8F-EF422F8CF109}"
EndProject
Global
	GlobalSection(SolutionConfigurationPlatforms) = preSolution
		Debug|Any CPU = Debug|Any CPU
		Release|Any CPU = Release|Any CPU
	EndGlobalSection
	GlobalSection(ProjectConfigurationPlatforms) = postSolution
		{3FE04C76-6981-4D35-873E-B902C3A047FE}.Debug|Any CPU.ActiveCfg = Debug|Any CPU
		{3FE04C76-6981-4D35-873E-B902C3A047FE}.Debug|Any CPU.Build.0 = Debug|Any CPU
		{3FE04C76-6981-4D35-873E-B902C3A047FE}.Release|Any CPU.ActiveCfg = Release|Any CPU
		{3FE04C76-6981-4D35-873E-B902C3A047FE}.Release|Any CPU.Build.0 = Release|Any CPU
		{247B56CC-1FDA-4E37-BC8F-EF422F8CF109}.Debug|Any CPU.ActiveCfg = Debug|Any CPU
		{247B56CC-1FDA-4E37-BC8F-EF422F8CF109}.Debug|Any CPU.Build.0 = Debug|Any CPU
		{247B56CC-1FDA-4E37-BC8F-EF422F8CF109}.Release|Any CPU.ActiveCfg = Release|Any CPU
		{247B56CC-1FDA-4E37-BC8F-EF422F8CF109}.Release|Any CPU.Build.0 = Release|Any CPU
	EndGlobalSection
	GlobalSection(SolutionProperties) = preSolution
		HideSolutionNode = FALSE
	EndGlobalSection
	GlobalSection(ExtensibilityGlobals) = postSolution
		SolutionGuid = {D0ADD93C-57DD-4E24-8474-66A733638210}
	EndGlobalSection
EndGlobal
